// !$*UTF8*$!
{
	archiveVersion = 1;
	classes = {
	};
	objectVersion = 56;
	objects = {

/* Begin PBXBuildFile section */
		62417068294EF6AF00B20352 /* InvoiceTemp.swift in Sources */ = {isa = PBXBuildFile; fileRef = 62417067294EF6AF00B20352 /* InvoiceTemp.swift */; };
		6251CA83294B03BB00A8A737 /* UserForm.swift in Sources */ = {isa = PBXBuildFile; fileRef = 6251CA82294B03BB00A8A737 /* UserForm.swift */; };
		6251CA87294B098200A8A737 /* Item.swift in Sources */ = {isa = PBXBuildFile; fileRef = 6251CA86294B098200A8A737 /* Item.swift */; };
		6298E620294C6D2E000D4F64 /* InvoiceView.swift in Sources */ = {isa = PBXBuildFile; fileRef = 6298E61F294C6D2E000D4F64 /* InvoiceView.swift */; };
		6298E623294C862E000D4F64 /* InvoiceCustomize.swift in Sources */ = {isa = PBXBuildFile; fileRef = 6298E621294C7E31000D4F64 /* InvoiceCustomize.swift */; };
		6298E625294CA941000D4F64 /* NewItem.swift in Sources */ = {isa = PBXBuildFile; fileRef = 6298E624294CA941000D4F64 /* NewItem.swift */; };
		6298E627294DE93E000D4F64 /* InvoiceViewModel.swift in Sources */ = {isa = PBXBuildFile; fileRef = 6298E626294DE93E000D4F64 /* InvoiceViewModel.swift */; };
		6298E62D294E279F000D4F64 /* InvoiceTemplateView.swift in Sources */ = {isa = PBXBuildFile; fileRef = 6298E62C294E279F000D4F64 /* InvoiceTemplateView.swift */; };
		6298E62F294E36CC000D4F64 /* InvoiceTemplate.swift in Sources */ = {isa = PBXBuildFile; fileRef = 6298E62E294E36CC000D4F64 /* InvoiceTemplate.swift */; };
		62FFAE68293F66B000E7F7AE /* MAANOINVOICEApp.swift in Sources */ = {isa = PBXBuildFile; fileRef = 62FFAE67293F66B000E7F7AE /* MAANOINVOICEApp.swift */; };
		62FFAE6A293F66B000E7F7AE /* ContenttView.swift in Sources */ = {isa = PBXBuildFile; fileRef = 62FFAE69293F66B000E7F7AE /* ContenttView.swift */; };
		62FFAE6C293F66B100E7F7AE /* Assets.xcassets in Resources */ = {isa = PBXBuildFile; fileRef = 62FFAE6B293F66B100E7F7AE /* Assets.xcassets */; };
		62FFAE6F293F66B100E7F7AE /* Preview Assets.xcassets in Resources */ = {isa = PBXBuildFile; fileRef = 62FFAE6E293F66B100E7F7AE /* Preview Assets.xcassets */; };
		62FFAE71293F66B100E7F7AE /* Persistence.swift in Sources */ = {isa = PBXBuildFile; fileRef = 62FFAE70293F66B100E7F7AE /* Persistence.swift */; };
		62FFAE74293F66B100E7F7AE /* MAANOINVOICE.xcdatamodeld in Sources */ = {isa = PBXBuildFile; fileRef = 62FFAE72293F66B100E7F7AE /* MAANOINVOICE.xcdatamodeld */; };
/* End PBXBuildFile section */

/* Begin PBXFileReference section */
		62417067294EF6AF00B20352 /* InvoiceTemp.swift */ = {isa = PBXFileReference; lastKnownFileType = sourcecode.swift; path = InvoiceTemp.swift; sourceTree = "<group>"; };
		6251CA82294B03BB00A8A737 /* UserForm.swift */ = {isa = PBXFileReference; lastKnownFileType = sourcecode.swift; path = UserForm.swift; sourceTree = "<group>"; };
		6251CA86294B098200A8A737 /* Item.swift */ = {isa = PBXFileReference; lastKnownFileType = sourcecode.swift; path = Item.swift; sourceTree = "<group>"; };
		6298E61F294C6D2E000D4F64 /* InvoiceView.swift */ = {isa = PBXFileReference; lastKnownFileType = sourcecode.swift; path = InvoiceView.swift; sourceTree = "<group>"; };
		6298E621294C7E31000D4F64 /* InvoiceCustomize.swift */ = {isa = PBXFileReference; lastKnownFileType = sourcecode.swift; path = InvoiceCustomize.swift; sourceTree = "<group>"; };
		6298E624294CA941000D4F64 /* NewItem.swift */ = {isa = PBXFileReference; lastKnownFileType = sourcecode.swift; path = NewItem.swift; sourceTree = "<group>"; };
		6298E626294DE93E000D4F64 /* InvoiceViewModel.swift */ = {isa = PBXFileReference; lastKnownFileType = sourcecode.swift; path = InvoiceViewModel.swift; sourceTree = "<group>"; };
		6298E62C294E279F000D4F64 /* InvoiceTemplateView.swift */ = {isa = PBXFileReference; lastKnownFileType = sourcecode.swift; path = InvoiceTemplateView.swift; sourceTree = "<group>"; };
		6298E62E294E36CC000D4F64 /* InvoiceTemplate.swift */ = {isa = PBXFileReference; fileEncoding = 4; indentWidth = 0; lastKnownFileType = sourcecode.swift; path = InvoiceTemplate.swift; sourceTree = "<group>"; tabWidth = 1; usesTabs = 0; wrapsLines = 1; };
		62FFAE64293F66B000E7F7AE /* MAANOINVOICE.app */ = {isa = PBXFileReference; explicitFileType = wrapper.application; includeInIndex = 0; path = MAANOINVOICE.app; sourceTree = BUILT_PRODUCTS_DIR; };
		62FFAE67293F66B000E7F7AE /* MAANOINVOICEApp.swift */ = {isa = PBXFileReference; lastKnownFileType = sourcecode.swift; path = MAANOINVOICEApp.swift; sourceTree = "<group>"; };
		62FFAE69293F66B000E7F7AE /* ContenttView.swift */ = {isa = PBXFileReference; lastKnownFileType = sourcecode.swift; path = ContenttView.swift; sourceTree = "<group>"; };
		62FFAE6B293F66B100E7F7AE /* Assets.xcassets */ = {isa = PBXFileReference; lastKnownFileType = folder.assetcatalog; path = Assets.xcassets; sourceTree = "<group>"; };
		62FFAE6E293F66B100E7F7AE /* Preview Assets.xcassets */ = {isa = PBXFileReference; lastKnownFileType = folder.assetcatalog; path = "Preview Assets.xcassets"; sourceTree = "<group>"; };
		62FFAE70293F66B100E7F7AE /* Persistence.swift */ = {isa = PBXFileReference; lastKnownFileType = sourcecode.swift; path = Persistence.swift; sourceTree = "<group>"; };
		62FFAE73293F66B100E7F7AE /* MAANOINVOICE.xcdatamodel */ = {isa = PBXFileReference; lastKnownFileType = wrapper.xcdatamodel; path = MAANOINVOICE.xcdatamodel; sourceTree = "<group>"; };
		62FFAE75293F66B100E7F7AE /* Info.plist */ = {isa = PBXFileReference; lastKnownFileType = text.plist.xml; path = Info.plist; sourceTree = "<group>"; };
/* End PBXFileReference section */

/* Begin PBXFrameworksBuildPhase section */
		62FFAE61293F66B000E7F7AE /* Frameworks */ = {
			isa = PBXFrameworksBuildPhase;
			buildActionMask = 2147483647;
			files = (
			);
			runOnlyForDeploymentPostprocessing = 0;
		};
/* End PBXFrameworksBuildPhase section */

/* Begin PBXGroup section */
		624964FB2949B960003ABB03 /* Model */ = {
			isa = PBXGroup;
			children = (
				6298E624294CA941000D4F64 /* NewItem.swift */,
				6298E621294C7E31000D4F64 /* InvoiceCustomize.swift */,
			);
			path = Model;
			sourceTree = "<group>";
		};
		6298E62A294E0790000D4F64 /* ViewModel */ = {
			isa = PBXGroup;
			children = (
				6298E626294DE93E000D4F64 /* InvoiceViewModel.swift */,
				6251CA86294B098200A8A737 /* Item.swift */,
			);
			path = ViewModel;
			sourceTree = "<group>";
		};
		6298E62B294E079B000D4F64 /* View */ = {
			isa = PBXGroup;
			children = (
				62FFAE69293F66B000E7F7AE /* ContenttView.swift */,
				6298E61F294C6D2E000D4F64 /* InvoiceView.swift */,
				6298E62E294E36CC000D4F64 /* InvoiceTemplate.swift */,
				62417067294EF6AF00B20352 /* InvoiceTemp.swift */,
			);
			path = View;
			sourceTree = "<group>";
		};
		62FFAE5B293F66B000E7F7AE = {
			isa = PBXGroup;
			children = (
				6298E62C294E279F000D4F64 /* InvoiceTemplateView.swift */,
				6251CA82294B03BB00A8A737 /* UserForm.swift */,
				62FFAE66293F66B000E7F7AE /* MAANOINVOICE */,
				62FFAE65293F66B000E7F7AE /* Products */,
			);
			sourceTree = "<group>";
		};
		62FFAE65293F66B000E7F7AE /* Products */ = {
			isa = PBXGroup;
			children = (
				62FFAE64293F66B000E7F7AE /* MAANOINVOICE.app */,
			);
			name = Products;
			sourceTree = "<group>";
		};
		62FFAE66293F66B000E7F7AE /* MAANOINVOICE */ = {
			isa = PBXGroup;
			children = (
				62FFAE67293F66B000E7F7AE /* MAANOINVOICEApp.swift */,
				624964FB2949B960003ABB03 /* Model */,
				6298E62B294E079B000D4F64 /* View */,
				6298E62A294E0790000D4F64 /* ViewModel */,
				62FFAE70293F66B100E7F7AE /* Persistence.swift */,
				62FFAE6B293F66B100E7F7AE /* Assets.xcassets */,
				62FFAE75293F66B100E7F7AE /* Info.plist */,
				62FFAE72293F66B100E7F7AE /* MAANOINVOICE.xcdatamodeld */,
				62FFAE6D293F66B100E7F7AE /* Preview Content */,
			);
			path = MAANOINVOICE;
			sourceTree = "<group>";
		};
		62FFAE6D293F66B100E7F7AE /* Preview Content */ = {
			isa = PBXGroup;
			children = (
				62FFAE6E293F66B100E7F7AE /* Preview Assets.xcassets */,
			);
			path = "Preview Content";
			sourceTree = "<group>";
		};
/* End PBXGroup section */

/* Begin PBXNativeTarget section */
		62FFAE63293F66B000E7F7AE /* MAANOINVOICE */ = {
			isa = PBXNativeTarget;
			buildConfigurationList = 62FFAE78293F66B100E7F7AE /* Build configuration list for PBXNativeTarget "MAANOINVOICE" */;
			buildPhases = (
				62FFAE60293F66B000E7F7AE /* Sources */,
				62FFAE61293F66B000E7F7AE /* Frameworks */,
				62FFAE62293F66B000E7F7AE /* Resources */,
			);
			buildRules = (
			);
			dependencies = (
			);
			name = MAANOINVOICE;
			productName = MAANOINVOICE;
			productReference = 62FFAE64293F66B000E7F7AE /* MAANOINVOICE.app */;
			productType = "com.apple.product-type.application";
		};
/* End PBXNativeTarget section */

/* Begin PBXProject section */
		62FFAE5C293F66B000E7F7AE /* Project object */ = {
			isa = PBXProject;
			attributes = {
				BuildIndependentTargetsInParallel = 1;
				LastSwiftUpdateCheck = 1400;
				LastUpgradeCheck = 1400;
				TargetAttributes = {
					62FFAE63293F66B000E7F7AE = {
						CreatedOnToolsVersion = 14.0.1;
					};
				};
			};
			buildConfigurationList = 62FFAE5F293F66B000E7F7AE /* Build configuration list for PBXProject "MAANOINVOICE" */;
			compatibilityVersion = "Xcode 14.0";
			developmentRegion = en;
			hasScannedForEncodings = 0;
			knownRegions = (
				en,
				Base,
			);
			mainGroup = 62FFAE5B293F66B000E7F7AE;
			productRefGroup = 62FFAE65293F66B000E7F7AE /* Products */;
			projectDirPath = "";
			projectRoot = "";
			targets = (
				62FFAE63293F66B000E7F7AE /* MAANOINVOICE */,
			);
		};
/* End PBXProject section */

/* Begin PBXResourcesBuildPhase section */
		62FFAE62293F66B000E7F7AE /* Resources */ = {
			isa = PBXResourcesBuildPhase;
			buildActionMask = 2147483647;
			files = (
				62FFAE6F293F66B100E7F7AE /* Preview Assets.xcassets in Resources */,
				62FFAE6C293F66B100E7F7AE /* Assets.xcassets in Resources */,
			);
			runOnlyForDeploymentPostprocessing = 0;
		};
/* End PBXResourcesBuildPhase section */

/* Begin PBXSourcesBuildPhase section */
		62FFAE60293F66B000E7F7AE /* Sources */ = {
			isa = PBXSourcesBuildPhase;
			buildActionMask = 2147483647;
			files = (
				6298E62D294E279F000D4F64 /* InvoiceTemplateView.swift in Sources */,
				6298E62F294E36CC000D4F64 /* InvoiceTemplate.swift in Sources */,
				6251CA87294B098200A8A737 /* Item.swift in Sources */,
				62FFAE71293F66B100E7F7AE /* Persistence.swift in Sources */,
				62FFAE6A293F66B000E7F7AE /* ContenttView.swift in Sources */,
				6298E623294C862E000D4F64 /* InvoiceCustomize.swift in Sources */,
				6251CA83294B03BB00A8A737 /* UserForm.swift in Sources */,
				62417068294EF6AF00B20352 /* InvoiceTemp.swift in Sources */,
				6298E620294C6D2E000D4F64 /* InvoiceView.swift in Sources */,
				6298E625294CA941000D4F64 /* NewItem.swift in Sources */,
				6298E627294DE93E000D4F64 /* InvoiceViewModel.swift in Sources */,
				62FFAE74293F66B100E7F7AE /* MAANOINVOICE.xcdatamodeld in Sources */,
				62FFAE68293F66B000E7F7AE /* MAANOINVOICEApp.swift in Sources */,
			);
			runOnlyForDeploymentPostprocessing = 0;
		};
/* End PBXSourcesBuildPhase section */

/* Begin XCBuildConfiguration section */
		62FFAE76293F66B100E7F7AE /* Debug */ = {
			isa = XCBuildConfiguration;
			buildSettings = {
				ALWAYS_SEARCH_USER_PATHS = NO;
				CLANG_ANALYZER_NONNULL = YES;
				CLANG_ANALYZER_NUMBER_OBJECT_CONVERSION = YES_AGGRESSIVE;
				CLANG_CXX_LANGUAGE_STANDARD = "gnu++20";
				CLANG_ENABLE_MODULES = YES;
				CLANG_ENABLE_OBJC_ARC = YES;
				CLANG_ENABLE_OBJC_WEAK = YES;
				CLANG_WARN_BLOCK_CAPTURE_AUTORELEASING = YES;
				CLANG_WARN_BOOL_CONVERSION = YES;
				CLANG_WARN_COMMA = YES;
				CLANG_WARN_CONSTANT_CONVERSION = YES;
				CLANG_WARN_DEPRECATED_OBJC_IMPLEMENTATIONS = YES;
				CLANG_WARN_DIRECT_OBJC_ISA_USAGE = YES_ERROR;
				CLANG_WARN_DOCUMENTATION_COMMENTS = YES;
				CLANG_WARN_EMPTY_BODY = YES;
				CLANG_WARN_ENUM_CONVERSION = YES;
				CLANG_WARN_INFINITE_RECURSION = YES;
				CLANG_WARN_INT_CONVERSION = YES;
				CLANG_WARN_NON_LITERAL_NULL_CONVERSION = YES;
				CLANG_WARN_OBJC_IMPLICIT_RETAIN_SELF = YES;
				CLANG_WARN_OBJC_LITERAL_CONVERSION = YES;
				CLANG_WARN_OBJC_ROOT_CLASS = YES_ERROR;
				CLANG_WARN_QUOTED_INCLUDE_IN_FRAMEWORK_HEADER = YES;
				CLANG_WARN_RANGE_LOOP_ANALYSIS = YES;
				CLANG_WARN_STRICT_PROTOTYPES = YES;
				CLANG_WARN_SUSPICIOUS_MOVE = YES;
				CLANG_WARN_UNGUARDED_AVAILABILITY = YES_AGGRESSIVE;
				CLANG_WARN_UNREACHABLE_CODE = YES;
				CLANG_WARN__DUPLICATE_METHOD_MATCH = YES;
				COPY_PHASE_STRIP = NO;
				DEBUG_INFORMATION_FORMAT = dwarf;
				ENABLE_STRICT_OBJC_MSGSEND = YES;
				ENABLE_TESTABILITY = YES;
				GCC_C_LANGUAGE_STANDARD = gnu11;
				GCC_DYNAMIC_NO_PIC = NO;
				GCC_NO_COMMON_BLOCKS = YES;
				GCC_OPTIMIZATION_LEVEL = 0;
				GCC_PREPROCESSOR_DEFINITIONS = (
					"DEBUG=1",
					"$(inherited)",
				);
				GCC_WARN_64_TO_32_BIT_CONVERSION = YES;
				GCC_WARN_ABOUT_RETURN_TYPE = YES_ERROR;
				GCC_WARN_UNDECLARED_SELECTOR = YES;
				GCC_WARN_UNINITIALIZED_AUTOS = YES_AGGRESSIVE;
				GCC_WARN_UNUSED_FUNCTION = YES;
				GCC_WARN_UNUSED_VARIABLE = YES;
				IPHONEOS_DEPLOYMENT_TARGET = 16.0;
				MTL_ENABLE_DEBUG_INFO = INCLUDE_SOURCE;
				MTL_FAST_MATH = YES;
				ONLY_ACTIVE_ARCH = YES;
				SDKROOT = iphoneos;
				SWIFT_ACTIVE_COMPILATION_CONDITIONS = DEBUG;
				SWIFT_OPTIMIZATION_LEVEL = "-Onone";
			};
			name = Debug;
		};
		62FFAE77293F66B100E7F7AE /* Release */ = {
			isa = XCBuildConfiguration;
			buildSettings = {
				ALWAYS_SEARCH_USER_PATHS = NO;
				CLANG_ANALYZER_NONNULL = YES;
				CLANG_ANALYZER_NUMBER_OBJECT_CONVERSION = YES_AGGRESSIVE;
				CLANG_CXX_LANGUAGE_STANDARD = "gnu++20";
				CLANG_ENABLE_MODULES = YES;
				CLANG_ENABLE_OBJC_ARC = YES;
				CLANG_ENABLE_OBJC_WEAK = YES;
				CLANG_WARN_BLOCK_CAPTURE_AUTORELEASING = YES;
				CLANG_WARN_BOOL_CONVERSION = YES;
				CLANG_WARN_COMMA = YES;
				CLANG_WARN_CONSTANT_CONVERSION = YES;
				CLANG_WARN_DEPRECATED_OBJC_IMPLEMENTATIONS = YES;
				CLANG_WARN_DIRECT_OBJC_ISA_USAGE = YES_ERROR;
				CLANG_WARN_DOCUMENTATION_COMMENTS = YES;
				CLANG_WARN_EMPTY_BODY = YES;
				CLANG_WARN_ENUM_CONVERSION = YES;
				CLANG_WARN_INFINITE_RECURSION = YES;
				CLANG_WARN_INT_CONVERSION = YES;
				CLANG_WARN_NON_LITERAL_NULL_CONVERSION = YES;
				CLANG_WARN_OBJC_IMPLICIT_RETAIN_SELF = YES;
				CLANG_WARN_OBJC_LITERAL_CONVERSION = YES;
				CLANG_WARN_OBJC_ROOT_CLASS = YES_ERROR;
				CLANG_WARN_QUOTED_INCLUDE_IN_FRAMEWORK_HEADER = YES;
				CLANG_WARN_RANGE_LOOP_ANALYSIS = YES;
				CLANG_WARN_STRICT_PROTOTYPES = YES;
				CLANG_WARN_SUSPICIOUS_MOVE = YES;
				CLANG_WARN_UNGUARDED_AVAILABILITY = YES_AGGRESSIVE;
				CLANG_WARN_UNREACHABLE_CODE = YES;
				CLANG_WARN__DUPLICATE_METHOD_MATCH = YES;
				COPY_PHASE_STRIP = NO;
				DEBUG_INFORMATION_FORMAT = "dwarf-with-dsym";
				ENABLE_NS_ASSERTIONS = NO;
				ENABLE_STRICT_OBJC_MSGSEND = YES;
				GCC_C_LANGUAGE_STANDARD = gnu11;
				GCC_NO_COMMON_BLOCKS = YES;
				GCC_WARN_64_TO_32_BIT_CONVERSION = YES;
				GCC_WARN_ABOUT_RETURN_TYPE = YES_ERROR;
				GCC_WARN_UNDECLARED_SELECTOR = YES;
				GCC_WARN_UNINITIALIZED_AUTOS = YES_AGGRESSIVE;
				GCC_WARN_UNUSED_FUNCTION = YES;
				GCC_WARN_UNUSED_VARIABLE = YES;
				IPHONEOS_DEPLOYMENT_TARGET = 16.0;
				MTL_ENABLE_DEBUG_INFO = NO;
				MTL_FAST_MATH = YES;
				SDKROOT = iphoneos;
				SWIFT_COMPILATION_MODE = wholemodule;
				SWIFT_OPTIMIZATION_LEVEL = "-O";
				VALIDATE_PRODUCT = YES;
			};
			name = Release;
		};
		62FFAE79293F66B100E7F7AE /* Debug */ = {
			isa = XCBuildConfiguration;
			buildSettings = {
				ASSETCATALOG_COMPILER_APPICON_NAME = AppIcon;
				ASSETCATALOG_COMPILER_GLOBAL_ACCENT_COLOR_NAME = AccentColor;
				CODE_SIGN_STYLE = Automatic;
				CURRENT_PROJECT_VERSION = 1;
				DEVELOPMENT_ASSET_PATHS = "\"MAANOINVOICE/Preview Content\"";
				DEVELOPMENT_TEAM = TSQFGQSG85;
				ENABLE_PREVIEWS = YES;
				GENERATE_INFOPLIST_FILE = YES;
				INFOPLIST_KEY_UIApplicationSceneManifest_Generation = YES;
				INFOPLIST_KEY_UIApplicationSupportsIndirectInputEvents = YES;
				INFOPLIST_KEY_UILaunchScreen_Generation = YES;
				INFOPLIST_KEY_UISupportedInterfaceOrientations_iPad = "UIInterfaceOrientationPortrait UIInterfaceOrientationPortraitUpsideDown UIInterfaceOrientationLandscapeLeft UIInterfaceOrientationLandscapeRight";
				INFOPLIST_KEY_UISupportedInterfaceOrientations_iPhone = "UIInterfaceOrientationPortrait UIInterfaceOrientationLandscapeLeft UIInterfaceOrientationLandscapeRight";
				LD_RUNPATH_SEARCH_PATHS = (
					"$(inherited)",
					"@executable_path/Frameworks",
				);
				MARKETING_VERSION = 1.0;
				PRODUCT_BUNDLE_IDENTIFIER = com.MashaelAlghunaim.MAANOINVOICE;
				PRODUCT_NAME = "$(TARGET_NAME)";
				SWIFT_EMIT_LOC_STRINGS = YES;
				SWIFT_VERSION = 5.0;
				TARGETED_DEVICE_FAMILY = "1,2";
			};
			name = Debug;
		};
		62FFAE7A293F66B100E7F7AE /* Release */ = {
			isa = XCBuildConfiguration;
			buildSettings = {
				ASSETCATALOG_COMPILER_APPICON_NAME = AppIcon;
				ASSETCATALOG_COMPILER_GLOBAL_ACCENT_COLOR_NAME = AccentColor;
				CODE_SIGN_STYLE = Automatic;
				CURRENT_PROJECT_VERSION = 1;
				DEVELOPMENT_ASSET_PATHS = "\"MAANOINVOICE/Preview Content\"";
				DEVELOPMENT_TEAM = TSQFGQSG85;
				ENABLE_PREVIEWS = YES;
				GENERATE_INFOPLIST_FILE = YES;
				INFOPLIST_KEY_UIApplicationSceneManifest_Generation = YES;
				INFOPLIST_KEY_UIApplicationSupportsIndirectInputEvents = YES;
				INFOPLIST_KEY_UILaunchScreen_Generation = YES;
				INFOPLIST_KEY_UISupportedInterfaceOrientations_iPad = "UIInterfaceOrientationPortrait UIInterfaceOrientationPortraitUpsideDown UIInterfaceOrientationLandscapeLeft UIInterfaceOrientationLandscapeRight";
				INFOPLIST_KEY_UISupportedInterfaceOrientations_iPhone = "UIInterfaceOrientationPortrait UIInterfaceOrientationLandscapeLeft UIInterfaceOrientationLandscapeRight";
				LD_RUNPATH_SEARCH_PATHS = (
					"$(inherited)",
					"@executable_path/Frameworks",
				);
				MARKETING_VERSION = 1.0;
				PRODUCT_BUNDLE_IDENTIFIER = com.MashaelAlghunaim.MAANOINVOICE;
				PRODUCT_NAME = "$(TARGET_NAME)";
				SWIFT_EMIT_LOC_STRINGS = YES;
				SWIFT_VERSION = 5.0;
				TARGETED_DEVICE_FAMILY = "1,2";
			};
			name = Release;
		};
/* End XCBuildConfiguration section */

/* Begin XCConfigurationList section */
		62FFAE5F293F66B000E7F7AE /* Build configuration list for PBXProject "MAANOINVOICE" */ = {
			isa = XCConfigurationList;
			buildConfigurations = (
				62FFAE76293F66B100E7F7AE /* Debug */,
				62FFAE77293F66B100E7F7AE /* Release */,
			);
			defaultConfigurationIsVisible = 0;
			defaultConfigurationName = Release;
		};
		62FFAE78293F66B100E7F7AE /* Build configuration list for PBXNativeTarget "MAANOINVOICE" */ = {
			isa = XCConfigurationList;
			buildConfigurations = (
				62FFAE79293F66B100E7F7AE /* Debug */,
				62FFAE7A293F66B100E7F7AE /* Release */,
			);
			defaultConfigurationIsVisible = 0;
			defaultConfigurationName = Release;
		};
/* End XCConfigurationList section */

/* Begin XCVersionGroup section */
		62FFAE72293F66B100E7F7AE /* MAANOINVOICE.xcdatamodeld */ = {
			isa = XCVersionGroup;
			children = (
				62FFAE73293F66B100E7F7AE /* MAANOINVOICE.xcdatamodel */,
			);
			currentVersion = 62FFAE73293F66B100E7F7AE /* MAANOINVOICE.xcdatamodel */;
			path = MAANOINVOICE.xcdatamodeld;
			sourceTree = "<group>";
			versionGroupType = wrapper.xcdatamodel;
		};
/* End XCVersionGroup section */
	};
	rootObject = 62FFAE5C293F66B000E7F7AE /* Project object */;
}
